
Microsoft Visual Studio Solution File, Format Version 12.00
# Visual Studio Version 17
VisualStudioVersion = 17.8.34330.188
MinimumVisualStudioVersion = 10.0.40219.1
Project("{FAE04EC0-301F-11D3-BF4B-00C04F79EFBC}") = "DNet", "DNet\DNet.csproj", "{0AF4C42D-346F-4B44-B4EA-7BAF55707F9A}"
EndProject
Project("{FAE04EC0-301F-11D3-BF4B-00C04F79EFBC}") = "DNet.MVC", "DNet.MVC\DNet.MVC.csproj", "{C1A381CB-BEE1-40BC-A3A8-C06EE75E5B0D}"
EndProject
Global
	GlobalSection(SolutionConfigurationPlatforms) = preSolution
		Debug|Any CPU = Debug|Any CPU
		Release|Any CPU = Release|Any CPU
	EndGlobalSection
	GlobalSection(ProjectConfigurationPlatforms) = postSolution
		{0AF4C42D-346F-4B44-B4EA-7BAF55707F9A}.Debug|Any CPU.ActiveCfg = Debug|Any CPU
		{0AF4C42D-346F-4B44-B4EA-7BAF55707F9A}.Debug|Any CPU.Build.0 = Debug|Any CPU
		{0AF4C42D-346F-4B44-B4EA-7BAF55707F9A}.Release|Any CPU.ActiveCfg = Release|Any CPU
		{0AF4C42D-346F-4B44-B4EA-7BAF55707F9A}.Release|Any CPU.Build.0 = Release|Any CPU
		{C1A381CB-BEE1-40BC-A3A8-C06EE75E5B0D}.Debug|Any CPU.ActiveCfg = Debug|Any CPU
		{C1A381CB-BEE1-40BC-A3A8-C06EE75E5B0D}.Debug|Any CPU.Build.0 = Debug|Any CPU
		{C1A381CB-BEE1-40BC-A3A8-C06EE75E5B0D}.Release|Any CPU.ActiveCfg = Release|Any CPU
		{C1A381CB-BEE1-40BC-A3A8-C06EE75E5B0D}.Release|Any CPU.Build.0 = Release|Any CPU
	EndGlobalSection
	GlobalSection(SolutionProperties) = preSolution
		HideSolutionNode = FALSE
	EndGlobalSection
	GlobalSection(ExtensibilityGlobals) = postSolution
		SolutionGuid = {C379FDFA-EABF-42DE-8F27-161EBB87BDE7}
	EndGlobalSection
EndGlobal
